
Microsoft Visual Studio Solution File, Format Version 12.00
# Visual Studio Version 16
VisualStudioVersion = 16.0.33423.256
MinimumVisualStudioVersion = 10.0.40219.1
Project("{FAE04EC0-301F-11D3-BF4B-00C04F79EFBC}") = "MineSweeper", "MineSweeper\MineSweeper.csproj", "{644287B6-5576-421C-9CCC-CD3E3B7FE189}"
EndProject
Global
	GlobalSection(SolutionConfigurationPlatforms) = preSolution
		Debug|Any CPU = Debug|Any CPU
		Release|Any CPU = Release|Any CPU
	EndGlobalSection
	GlobalSection(ProjectConfigurationPlatforms) = postSolution
		{644287B6-5576-421C-9CCC-CD3E3B7FE189}.Debug|Any CPU.ActiveCfg = Debug|Any CPU
		{644287B6-5576-421C-9CCC-CD3E3B7FE189}.Debug|Any CPU.Build.0 = Debug|Any CPU
		{644287B6-5576-421C-9CCC-CD3E3B7FE189}.Release|Any CPU.ActiveCfg = Release|Any CPU
		{644287B6-5576-421C-9CCC-CD3E3B7FE189}.Release|Any CPU.Build.0 = Release|Any CPU
	EndGlobalSection
	GlobalSection(SolutionProperties) = preSolution
		HideSolutionNode = FALSE
	EndGlobalSection
	GlobalSection(ExtensibilityGlobals) = postSolution
		SolutionGuid = {AB67ABAF-F0C3-46C1-9513-642C1FBD61F3}
	EndGlobalSection
EndGlobal
